<?xml version="1.0" encoding="utf-8"?>
<Project ToolsVersion="18.0" xmlns="http://schemas.microsoft.com/developer/msbuild/2003">
  <ItemGroup>
    <ClCompile Include="C:\Users\magnu\OneDrive\Skrivbord\HelixEnviroment\SDL Kurs\src\arena.cpp">
      <Filter>Source Files</Filter>
    </ClCompile>
    <ClCompile Include="C:\Users\magnu\OneDrive\Skrivbord\HelixEnviroment\SDL Kurs\src\audioSystem.cpp">
      <Filter>Source Files</Filter>
    </ClCompile>
    <ClCompile Include="C:\Users\magnu\OneDrive\Skrivbord\HelixEnviroment\SDL Kurs\src\button.cpp">
      <Filter>Source Files</Filter>
    </ClCompile>
    <ClCompile Include="C:\Users\magnu\OneDrive\Skrivbord\HelixEnviroment\SDL Kurs\src\camera.cpp">
      <Filter>Source Files</Filter>
    </ClCompile>
    <ClCompile Include="C:\Users\magnu\OneDrive\Skrivbord\HelixEnviroment\SDL Kurs\src\collision.cpp">
      <Filter>Source Files</Filter>
    </ClCompile>
    <ClCompile Include="C:\Users\magnu\OneDrive\Skrivbord\HelixEnviroment\SDL Kurs\src\command.cpp">
      <Filter>Source Files</Filter>
    </ClCompile>
    <ClCompile Include="C:\Users\magnu\OneDrive\Skrivbord\HelixEnviroment\SDL Kurs\src\dev_gui.cpp">
      <Filter>Source Files</Filter>
    </ClCompile>
    <ClCompile Include="C:\Users\magnu\OneDrive\Skrivbord\HelixEnviroment\SDL Kurs\src\entity.cpp">
      <Filter>Source Files</Filter>
    </ClCompile>
    <ClCompile Include="C:\Users\magnu\OneDrive\Skrivbord\HelixEnviroment\SDL Kurs\src\fontLibrary.cpp">
      <Filter>Source Files</Filter>
    </ClCompile>
    <ClCompile Include="C:\Users\magnu\OneDrive\Skrivbord\HelixEnviroment\SDL Kurs\src\game.cpp">
      <Filter>Source Files</Filter>
    </ClCompile>
    <ClCompile Include="C:\Users\magnu\OneDrive\Skrivbord\HelixEnviroment\SDL Kurs\src\image.cpp">
      <Filter>Source Files</Filter>
    </ClCompile>
    <ClCompile Include="C:\Users\magnu\OneDrive\Skrivbord\HelixEnviroment\SDL Kurs\src\input.cpp">
      <Filter>Source Files</Filter>
    </ClCompile>
    <ClCompile Include="C:\Users\magnu\OneDrive\Skrivbord\HelixEnviroment\SDL Kurs\src\levelRenderer.cpp">
      <Filter>Source Files</Filter>
    </ClCompile>
    <ClCompile Include="C:\Users\magnu\OneDrive\Skrivbord\HelixEnviroment\SDL Kurs\src\leveleditor.cpp">
      <Filter>Source Files</Filter>
    </ClCompile>
    <ClCompile Include="C:\Users\magnu\OneDrive\Skrivbord\HelixEnviroment\SDL Kurs\src\levels.cpp">
      <Filter>Source Files</Filter>
    </ClCompile>
    <ClCompile Include="C:\Users\magnu\OneDrive\Skrivbord\HelixEnviroment\SDL Kurs\src\mainmenu.cpp">
      <Filter>Source Files</Filter>
    </ClCompile>
    <ClCompile Include="C:\Users\magnu\OneDrive\Skrivbord\HelixEnviroment\SDL Kurs\src\pathfinding.cpp">
      <Filter>Source Files</Filter>
    </ClCompile>
    <ClCompile Include="C:\Users\magnu\OneDrive\Skrivbord\HelixEnviroment\SDL Kurs\src\rendering.cpp">
      <Filter>Source Files</Filter>
    </ClCompile>
    <ClCompile Include="C:\Users\magnu\OneDrive\Skrivbord\HelixEnviroment\SDL Kurs\src\spriteLibrary.cpp">
      <Filter>Source Files</Filter>
    </ClCompile>
    <ClCompile Include="C:\Users\magnu\OneDrive\Skrivbord\HelixEnviroment\SDL Kurs\src\tilesetLibrary.cpp">
      <Filter>Source Files</Filter>
    </ClCompile>
    <ClCompile Include="C:\Users\magnu\OneDrive\Skrivbord\HelixEnviroment\SDL Kurs\src_external\imgui\imgui.cpp">
      <Filter>Source Files</Filter>
    </ClCompile>
    <ClCompile Include="C:\Users\magnu\OneDrive\Skrivbord\HelixEnviroment\SDL Kurs\src_external\imgui\imgui_draw.cpp">
      <Filter>Source Files</Filter>
    </ClCompile>
    <ClCompile Include="C:\Users\magnu\OneDrive\Skrivbord\HelixEnviroment\SDL Kurs\src_external\imgui\imgui_tables.cpp">
      <Filter>Source Files</Filter>
    </ClCompile>
    <ClCompile Include="C:\Users\magnu\OneDrive\Skrivbord\HelixEnviroment\SDL Kurs\src_external\imgui\imgui_widgets.cpp">
      <Filter>Source Files</Filter>
    </ClCompile>
    <ClCompile Include="C:\Users\magnu\OneDrive\Skrivbord\HelixEnviroment\SDL Kurs\src_external\imgui\imgui_impl_sdlrenderer3.cpp">
      <Filter>Source Files</Filter>
    </ClCompile>
    <ClCompile Include="C:\Users\magnu\OneDrive\Skrivbord\HelixEnviroment\SDL Kurs\src_external\imgui\imgui_impl_sdl3.cpp">
      <Filter>Source Files</Filter>
    </ClCompile>
  </ItemGroup>
  <ItemGroup>
    <CustomBuild Include="C:\Users\magnu\OneDrive\Skrivbord\HelixEnviroment\SDL Kurs\CMakeLists.txt" />
  </ItemGroup>
  <ItemGroup>
    <Filter Include="Source Files">
      <UniqueIdentifier>{3ADA60AD-E76A-372D-8810-4EF600334B7A}</UniqueIdentifier>
    </Filter>
  </ItemGroup>
</Project>
